<?xml version="1.0" encoding="utf-8"?>
<Project ToolsVersion="4.0" xmlns="http://schemas.microsoft.com/developer/msbuild/2003">
  <ItemGroup>
    <Filter Include="Source Files">
      <UniqueIdentifier>{4FC737F1-C7A5-4376-A066-2A32D752A2FF}</UniqueIdentifier>
      <Extensions>cpp;c;cc;cxx;def;odl;idl;hpj;bat;asm;asmx</Extensions>
    </Filter>
    <Filter Include="Header Files">
      <UniqueIdentifier>{93995380-89BD-4b04-88EB-625FBE52EBFB}</UniqueIdentifier>
      <Extensions>h;hh;hpp;hxx;hm;inl;inc;xsd</Extensions>
    </Filter>
    <Filter Include="Resource Files">
      <UniqueIdentifier>{D9D6E242-F8AF-46E4-B9FD-80ECBC20BA3E}</UniqueIdentifier>
      <Extensions>qrc;*</Extensions>
      <ParseFiles>false</ParseFiles>
    </Filter>
    <Filter Include="Form Files">
      <UniqueIdentifier>{99349809-55BA-4b9d-BF79-8FDBB0286EB3}</UniqueIdentifier>
      <Extensions>ui</Extensions>
    </Filter>
    <Filter Include="Resource Files">
      <UniqueIdentifier>{D9D6E242-F8AF-46E4-B9FD-80ECBC20BA3E}</UniqueIdentifier>
      <Extensions>qrc;*</Extensions>
      <ParseFiles>false</ParseFiles>
    </Filter>
    <Filter Include="Generated Files">
      <UniqueIdentifier>{71ED8ED8-ACB9-4CE9-BBE1-E00B30144E11}</UniqueIdentifier>
      <Extensions>moc;h;cpp</Extensions>
      <SourceControlFiles>False</SourceControlFiles>
    </Filter>
    <Filter Include="Generated Files\Debug">
      <UniqueIdentifier>{b4db242b-add2-41ca-b574-74daac1a44f6}</UniqueIdentifier>
      <Extensions>cpp;moc</Extensions>
      <SourceControlFiles>False</SourceControlFiles>
    </Filter>
    <Filter Include="Generated Files\Release">
      <UniqueIdentifier>{814faf91-7a59-4917-bc00-3125a11f633e}</UniqueIdentifier>
      <Extensions>cpp;moc</Extensions>
      <SourceControlFiles>False</SourceControlFiles>
    </Filter>
    <Filter Include="Source Files\image">
      <UniqueIdentifier>{19b360a4-a34d-47eb-9bea-2f15438423b1}</UniqueIdentifier>
    </Filter>
    <Filter Include="Header Files\image">
      <UniqueIdentifier>{68f6caef-ad7f-46c1-869b-f4de71f1cb2b}</UniqueIdentifier>
    </Filter>
    <Filter Include="Source Files\ipc">
      <UniqueIdentifier>{d0c80c2b-4a56-4e85-b489-ad8a53f52713}</UniqueIdentifier>
    </Filter>
  </ItemGroup>
  <ItemGroup>
    <ClCompile Include="main.cpp">
      <Filter>Source Files</Filter>
    </ClCompile>
    <ClCompile Include="NamaExample.cpp">
      <Filter>Source Files</Filter>
    </ClCompile>
    <ClCompile Include="GeneratedFiles\Debug\moc_NamaExample.cpp">
      <Filter>Generated Files\Debug</Filter>
    </ClCompile>
    <ClCompile Include="GeneratedFiles\Release\moc_NamaExample.cpp">
      <Filter>Generated Files\Release</Filter>
    </ClCompile>
    <ClCompile Include="GeneratedFiles\qrc_NamaExample.cpp">
      <Filter>Generated Files</Filter>
    </ClCompile>
    <ClCompile Include="GeneratedFiles\Debug\moc_GLWidget.cpp">
      <Filter>Generated Files\Debug</Filter>
    </ClCompile>
    <ClCompile Include="GeneratedFiles\Release\moc_GLWidget.cpp">
      <Filter>Generated Files\Release</Filter>
    </ClCompile>
    <ClCompile Include="GLWidget.cpp">
      <Filter>Source Files</Filter>
    </ClCompile>
    <ClCompile Include="CameraDS.cpp">
      <Filter>Source Files</Filter>
    </ClCompile>
    <ClCompile Include="GlobalValue.cpp">
      <Filter>Source Files</Filter>
    </ClCompile>
    <ClCompile Include="Nama.cpp">
      <Filter>Source Files</Filter>
    </ClCompile>
    <ClCompile Include="image\stb_image_write.c">
      <Filter>Source Files\image</Filter>
    </ClCompile>
    <ClCompile Include="image\stb_truetype.c">
      <Filter>Source Files\image</Filter>
    </ClCompile>
    <ClCompile Include="image\stb_image.c">
      <Filter>Source Files\image</Filter>
    </ClCompile>
    <ClCompile Include="GeneratedFiles\qrc_buttonimages.cpp">
      <Filter>Generated Files</Filter>
    </ClCompile>
    <ClCompile Include="GeneratedFiles\qrc_style.cpp">
      <Filter>Generated Files</Filter>
    </ClCompile>
    <ClCompile Include="ipc\mutex.cpp">
      <Filter>Source Files\ipc</Filter>
    </ClCompile>
    <ClCompile Include="ipc\waitcondition.cpp">
      <Filter>Source Files\ipc</Filter>
    </ClCompile>
    <ClCompile Include="ipc\ipcbridge.cpp">
      <Filter>Source Files\ipc</Filter>
    </ClCompile>
  </ItemGroup>
  <ItemGroup>
    <CustomBuild Include="NamaExample.h">
      <Filter>Header Files</Filter>
    </CustomBuild>
    <CustomBuild Include="NamaExample.ui">
      <Filter>Form Files</Filter>
    </CustomBuild>
    <CustomBuild Include="NamaExample.qrc">
      <Filter>Resource Files</Filter>
    </CustomBuild>
    <CustomBuild Include="GLWidget.h">
      <Filter>Header Files</Filter>
    </CustomBuild>
    <CustomBuild Include="buttonimages.qrc">
      <Filter>Resource Files</Filter>
    </CustomBuild>
    <CustomBuild Include="Resources\qdarkstyle\style.qrc">
      <Filter>Resource Files</Filter>
    </CustomBuild>
  </ItemGroup>
  <ItemGroup>
    <ClInclude Include="GeneratedFiles\ui_NamaExample.h">
      <Filter>Generated Files</Filter>
    </ClInclude>
    <ClInclude Include="CameraDS.h">
      <Filter>Header Files</Filter>
    </ClInclude>
    <ClInclude Include="GlobalValue.h">
      <Filter>Header Files</Filter>
    </ClInclude>
    <ClInclude Include="Nama.h">
      <Filter>Header Files</Filter>
    </ClInclude>
    <ClInclude Include="image\wrapper_defines.h">
      <Filter>Header Files\image</Filter>
    </ClInclude>
    <ClInclude Include="image\stb_image.h">
      <Filter>Header Files\image</Filter>
    </ClInclude>
    <ClInclude Include="image\stb_image_write.h">
      <Filter>Header Files\image</Filter>
    </ClInclude>
    <ClInclude Include="image\stb_truetype.h">
      <Filter>Header Files\image</Filter>
    </ClInclude>
    <ClInclude Include="ipc\mutex.h">
      <Filter>Source Files\ipc</Filter>
    </ClInclude>
    <ClInclude Include="ipc\waitcondition.h">
      <Filter>Source Files\ipc</Filter>
    </ClInclude>
    <ClInclude Include="ipc\filtercommons.h">
      <Filter>Source Files\ipc</Filter>
    </ClInclude>
    <ClInclude Include="ipc\ipcbridge.h">
      <Filter>Source Files\ipc</Filter>
    </ClInclude>
  </ItemGroup>
  <ItemGroup>
    <ResourceCompile Include="NamaExample.rc" />
  </ItemGroup>
  <ItemGroup>
    <Image Include="buttonImages\bgseg.png">
      <Filter>Resource Files</Filter>
    </Image>
    <Image Include="buttonImages\camera_front.png">
      <Filter>Resource Files</Filter>
    </Image>
    <Image Include="buttonImages\camera_normal.png">
      <Filter>Resource Files</Filter>
    </Image>
    <Image Include="buttonImages\delta.png">
      <Filter>Resource Files</Filter>
    </Image>
    <Image Include="buttonImages\electric.png">
      <Filter>Resource Files</Filter>
    </Image>
    <Image Include="buttonImages\fu_zh_duzui.png">
      <Filter>Resource Files</Filter>
    </Image>
    <Image Include="buttonImages\gradient.png">
      <Filter>Resource Files</Filter>
    </Image>
    <Image Include="buttonImages\ic_delete_all.png">
      <Filter>Resource Files</Filter>
    </Image>
    <Image Include="buttonImages\ic_detect_tip.png">
      <Filter>Resource Files</Filter>
    </Image>
    <Image Include="buttonImages\ic_launcher.png">
      <Filter>Resource Files</Filter>
    </Image>
    <Image Include="buttonImages\item0204.png">
      <Filter>Resource Files</Filter>
    </Image>
    <Image Include="buttonImages\lixiaolong.png">
      <Filter>Resource Files</Filter>
    </Image>
    <Image Include="buttonImages\matianyu.png">
      <Filter>Resource Files</Filter>
    </Image>
    <Image Include="buttonImages\mood.png">
      <Filter>Resource Files</Filter>
    </Image>
    <Image Include="buttonImages\nature.png">
      <Filter>Resource Files</Filter>
    </Image>
    <Image Include="buttonImages\slowlived.png">
      <Filter>Resource Files</Filter>
    </Image>
    <Image Include="buttonImages\tokyo.png">
      <Filter>Resource Files</Filter>
    </Image>
    <Image Include="buttonImages\warm.png">
      <Filter>Resource Files</Filter>
    </Image>
    <Image Include="buttonImages\yazui.png">
      <Filter>Resource Files</Filter>
    </Image>
    <Image Include="buttonImages\yuguan.png">
      <Filter>Resource Files</Filter>
    </Image>
    <Image Include="Resources\qdarkstyle\rc\up_arrow_disabled.png">
      <Filter>Resource Files</Filter>
    </Image>
    <Image Include="Resources\qdarkstyle\rc\Hmovetoolbar.png">
      <Filter>Resource Files</Filter>
    </Image>
    <Image Include="Resources\qdarkstyle\rc\stylesheet-branch-end.png">
      <Filter>Resource Files</Filter>
    </Image>
    <Image Include="Resources\qdarkstyle\rc\branch_closed-on.png">
      <Filter>Resource Files</Filter>
    </Image>
    <Image Include="Resources\qdarkstyle\rc\stylesheet-vline.png">
      <Filter>Resource Files</Filter>
    </Image>
    <Image Include="Resources\qdarkstyle\rc\branch_closed.png">
      <Filter>Resource Files</Filter>
    </Image>
    <Image Include="Resources\qdarkstyle\rc\branch_open-on.png">
      <Filter>Resource Files</Filter>
    </Image>
    <Image Include="Resources\qdarkstyle\rc\transparent.png">
      <Filter>Resource Files</Filter>
    </Image>
    <Image Include="Resources\qdarkstyle\rc\right_arrow_disabled.png">
      <Filter>Resource Files</Filter>
    </Image>
    <Image Include="Resources\qdarkstyle\rc\sizegrip.png">
      <Filter>Resource Files</Filter>
    </Image>
    <Image Include="Resources\qdarkstyle\rc\close.png">
      <Filter>Resource Files</Filter>
    </Image>
    <Image Include="Resources\qdarkstyle\rc\close-hover.png">
      <Filter>Resource Files</Filter>
    </Image>
    <Image Include="Resources\qdarkstyle\rc\close-pressed.png">
      <Filter>Resource Files</Filter>
    </Image>
    <Image Include="Resources\qdarkstyle\rc\down_arrow.png">
      <Filter>Resource Files</Filter>
    </Image>
    <Image Include="Resources\qdarkstyle\rc\Vmovetoolbar.png">
      <Filter>Resource Files</Filter>
    </Image>
    <Image Include="Resources\qdarkstyle\rc\left_arrow.png">
      <Filter>Resource Files</Filter>
    </Image>
    <Image Include="Resources\qdarkstyle\rc\stylesheet-branch-more.png">
      <Filter>Resource Files</Filter>
    </Image>
    <Image Include="Resources\qdarkstyle\rc\up_arrow.png">
      <Filter>Resource Files</Filter>
    </Image>
    <Image Include="Resources\qdarkstyle\rc\right_arrow.png">
      <Filter>Resource Files</Filter>
    </Image>
    <Image Include="Resources\qdarkstyle\rc\left_arrow_disabled.png">
      <Filter>Resource Files</Filter>
    </Image>
    <Image Include="Resources\qdarkstyle\rc\Hsepartoolbar.png">
      <Filter>Resource Files</Filter>
    </Image>
    <Image Include="Resources\qdarkstyle\rc\branch_open.png">
      <Filter>Resource Files</Filter>
    </Image>
    <Image Include="Resources\qdarkstyle\rc\Vsepartoolbar.png">
      <Filter>Resource Files</Filter>
    </Image>
    <Image Include="Resources\qdarkstyle\rc\down_arrow_disabled.png">
      <Filter>Resource Files</Filter>
    </Image>
    <Image Include="Resources\qdarkstyle\rc\undock.png">
      <Filter>Resource Files</Filter>
    </Image>
    <Image Include="Resources\qdarkstyle\rc\checkbox_checked_disabled.png">
      <Filter>Resource Files</Filter>
    </Image>
    <Image Include="Resources\qdarkstyle\rc\checkbox_checked_focus.png">
      <Filter>Resource Files</Filter>
    </Image>
    <Image Include="Resources\qdarkstyle\rc\checkbox_checked.png">
      <Filter>Resource Files</Filter>
    </Image>
    <Image Include="Resources\qdarkstyle\rc\checkbox_indeterminate.png">
      <Filter>Resource Files</Filter>
    </Image>
    <Image Include="Resources\qdarkstyle\rc\checkbox_indeterminate_focus.png">
      <Filter>Resource Files</Filter>
    </Image>
    <Image Include="Resources\qdarkstyle\rc\checkbox_unchecked_disabled.png">
      <Filter>Resource Files</Filter>
    </Image>
    <Image Include="Resources\qdarkstyle\rc\checkbox_unchecked_focus.png">
      <Filter>Resource Files</Filter>
    </Image>
    <Image Include="Resources\qdarkstyle\rc\checkbox_unchecked.png">
      <Filter>Resource Files</Filter>
    </Image>
    <Image Include="Resources\qdarkstyle\rc\radio_checked_disabled.png">
      <Filter>Resource Files</Filter>
    </Image>
    <Image Include="Resources\qdarkstyle\rc\radio_checked_focus.png">
      <Filter>Resource Files</Filter>
    </Image>
    <Image Include="Resources\qdarkstyle\rc\radio_checked.png">
      <Filter>Resource Files</Filter>
    </Image>
    <Image Include="Resources\qdarkstyle\rc\radio_unchecked_disabled.png">
      <Filter>Resource Files</Filter>
    </Image>
    <Image Include="Resources\qdarkstyle\rc\radio_unchecked_focus.png">
      <Filter>Resource Files</Filter>
    </Image>
    <Image Include="Resources\qdarkstyle\rc\radio_unchecked.png">
      <Filter>Resource Files</Filter>
    </Image>
  </ItemGroup>
  <ItemGroup>
    <None Include="Resources\qdarkstyle\style.qss">
      <Filter>Resource Files</Filter>
    </None>
  </ItemGroup>
</Project>