<?xml version="1.0" encoding="utf-8"?>
<Project ToolsVersion="4.0" xmlns="http://schemas.microsoft.com/developer/msbuild/2003">
  <ItemGroup>
    <Filter Include="Source Files">
      <UniqueIdentifier>{4FC737F1-C7A5-4376-A066-2A32D752A2FF}</UniqueIdentifier>
      <Extensions>cpp;c;cc;cxx;def;odl;idl;hpj;bat;asm;asmx</Extensions>
    </Filter>
    <Filter Include="Resource Files">
      <UniqueIdentifier>{67DA6AB6-F800-4c08-8B7A-83BB121AAD01}</UniqueIdentifier>
      <Extensions>rc;ico;cur;bmp;dlg;rc2;rct;bin;rgs;gif;jpg;jpeg;jpe;resx;tiff;tif;png;wav;mfcribbon-ms</Extensions>
    </Filter>
    <Filter Include="Source Files\GUI">
      <UniqueIdentifier>{bc81d287-a9ee-4e9b-82eb-6c823b4fa77f}</UniqueIdentifier>
    </Filter>
    <Filter Include="Source Files\Camera">
      <UniqueIdentifier>{84df1dfd-e71a-42cd-9ec6-3231e02052f2}</UniqueIdentifier>
    </Filter>
    <Filter Include="Source Files\ipc">
      <UniqueIdentifier>{9c1d8c01-1a65-4d53-80e9-9df12ec276be}</UniqueIdentifier>
    </Filter>
    <Filter Include="Source Files\rapidjson">
      <UniqueIdentifier>{cc70c070-fc6b-4206-9e7f-697688f5d225}</UniqueIdentifier>
    </Filter>
    <Filter Include="Source Files\Sound">
      <UniqueIdentifier>{b3d48699-75a7-4c4a-b8af-c7bcf50eb9a0}</UniqueIdentifier>
    </Filter>
  </ItemGroup>
  <ItemGroup>
    <Text Include="ReadMe.txt" />
  </ItemGroup>
  <ItemGroup>
    <ClInclude Include="..\ThridParty\imgui\imconfig.h">
      <Filter>Source Files\GUI</Filter>
    </ClInclude>
    <ClInclude Include="..\ThridParty\imgui\imgui.h">
      <Filter>Source Files\GUI</Filter>
    </ClInclude>
    <ClInclude Include="..\ThridParty\imgui\imgui_impl_glfw.h">
      <Filter>Source Files\GUI</Filter>
    </ClInclude>
    <ClInclude Include="..\ThridParty\imgui\imgui_impl_opengl3.h">
      <Filter>Source Files\GUI</Filter>
    </ClInclude>
    <ClInclude Include="..\ThridParty\imgui\imgui_internal.h">
      <Filter>Source Files\GUI</Filter>
    </ClInclude>
    <ClInclude Include="..\ThridParty\imgui\stb_rect_pack.h">
      <Filter>Source Files\GUI</Filter>
    </ClInclude>
    <ClInclude Include="..\ThridParty\imgui\stb_textedit.h">
      <Filter>Source Files\GUI</Filter>
    </ClInclude>
    <ClInclude Include="..\ThridParty\imgui\stb_truetype.h">
      <Filter>Source Files\GUI</Filter>
    </ClInclude>
    <ClInclude Include="GUI\Gui.h">
      <Filter>Source Files\GUI</Filter>
    </ClInclude>
    <ClInclude Include="GUI\Texture.h">
      <Filter>Source Files\GUI</Filter>
    </ClInclude>
    <ClInclude Include="..\ThridParty\imgui\imgui_tabs.h">
      <Filter>Source Files\GUI</Filter>
    </ClInclude>
    <ClInclude Include="GUI\Loader.h">
      <Filter>Source Files\GUI</Filter>
    </ClInclude>
    <ClInclude Include="Nama.h">
      <Filter>Source Files</Filter>
    </ClInclude>
    <ClInclude Include="Config.h">
      <Filter>Source Files</Filter>
    </ClInclude>
    <ClInclude Include="UIBridge.h">
      <Filter>Source Files</Filter>
    </ClInclude>
    <ClInclude Include="ipc\mutex.h">
      <Filter>Source Files\ipc</Filter>
    </ClInclude>
    <ClInclude Include="ipc\waitcondition.h">
      <Filter>Source Files\ipc</Filter>
    </ClInclude>
    <ClInclude Include="ipc\filtercommons.h">
      <Filter>Source Files\ipc</Filter>
    </ClInclude>
    <ClInclude Include="ipc\ipcbridge.h">
      <Filter>Source Files\ipc</Filter>
    </ClInclude>
    <ClInclude Include="rapidjson\rapidjson.h">
      <Filter>Source Files\rapidjson</Filter>
    </ClInclude>
    <ClInclude Include="Sound\MP3.h">
      <Filter>Source Files\Sound</Filter>
    </ClInclude>
    <ClInclude Include="Camera.h">
      <Filter>Source Files\Camera</Filter>
    </ClInclude>
  </ItemGroup>
  <ItemGroup>
    <ClCompile Include="FULivePC.cpp">
      <Filter>Source Files</Filter>
    </ClCompile>
    <ClCompile Include="..\ThridParty\imgui\imgui_impl_opengl3.cpp">
      <Filter>Source Files\GUI</Filter>
    </ClCompile>
    <ClCompile Include="..\ThridParty\imgui\gl3w.c">
      <Filter>Source Files\GUI</Filter>
    </ClCompile>
    <ClCompile Include="..\ThridParty\imgui\imgui.cpp">
      <Filter>Source Files\GUI</Filter>
    </ClCompile>
    <ClCompile Include="..\ThridParty\imgui\imgui_demo.cpp">
      <Filter>Source Files\GUI</Filter>
    </ClCompile>
    <ClCompile Include="..\ThridParty\imgui\imgui_draw.cpp">
      <Filter>Source Files\GUI</Filter>
    </ClCompile>
    <ClCompile Include="..\ThridParty\imgui\imgui_impl_glfw.cpp">
      <Filter>Source Files\GUI</Filter>
    </ClCompile>
    <ClCompile Include="GUI\Gui.cpp">
      <Filter>Source Files\GUI</Filter>
    </ClCompile>
    <ClCompile Include="GUI\Texture.cpp">
      <Filter>Source Files\GUI</Filter>
    </ClCompile>
    <ClCompile Include="..\ThridParty\imgui\imgui_tabs.cpp">
      <Filter>Source Files\GUI</Filter>
    </ClCompile>
    <ClCompile Include="GUI\Loader.cpp">
      <Filter>Source Files\GUI</Filter>
    </ClCompile>
    <ClCompile Include="Nama.cpp">
      <Filter>Source Files</Filter>
    </ClCompile>
    <ClCompile Include="ipc\mutex.cpp">
      <Filter>Source Files\ipc</Filter>
    </ClCompile>
    <ClCompile Include="ipc\waitcondition.cpp">
      <Filter>Source Files\ipc</Filter>
    </ClCompile>
    <ClCompile Include="ipc\ipcbridge.cpp">
      <Filter>Source Files\ipc</Filter>
    </ClCompile>
    <ClCompile Include="Sound\MP3.cpp">
      <Filter>Source Files\Sound</Filter>
    </ClCompile>
    <ClCompile Include="Camera.cpp">
      <Filter>Source Files\Camera</Filter>
    </ClCompile>
  </ItemGroup>
  <ItemGroup>
    <Natvis Include="..\ThridParty\imgui\imgui.natvis">
      <Filter>Source Files\GUI</Filter>
    </Natvis>
  </ItemGroup>
  <ItemGroup>
    <Image Include="..\res\frame.png">
      <Filter>Resource Files</Filter>
    </Image>
    <Image Include="..\res\frame0.png">
      <Filter>Resource Files</Filter>
    </Image>
    <Image Include="..\res\FULIVEdemo.png">
      <Filter>Resource Files</Filter>
    </Image>
    <Image Include="..\res\home_icon_Camera.png">
      <Filter>Resource Files</Filter>
    </Image>
    <Image Include="..\res\home_icon_Camera%402x.png">
      <Filter>Resource Files</Filter>
    </Image>
    <Image Include="..\res\home_icon_Camera%403x.png">
      <Filter>Resource Files</Filter>
    </Image>
    <Image Include="..\res\icon_Leftkey.png">
      <Filter>Resource Files</Filter>
    </Image>
    <Image Include="..\res\icon_Leftkey%402x.png">
      <Filter>Resource Files</Filter>
    </Image>
    <Image Include="..\res\icon_Leftkey%403x.png">
      <Filter>Resource Files</Filter>
    </Image>
    <Image Include="..\res\icon_Leftkey_sel.png">
      <Filter>Resource Files</Filter>
    </Image>
    <Image Include="..\res\icon_Movebutton_nor.png">
      <Filter>Resource Files</Filter>
    </Image>
    <Image Include="..\res\icon_Popup_hover.png">
      <Filter>Resource Files</Filter>
    </Image>
    <Image Include="..\res\icon_Questionmark_hover.png">
      <Filter>Resource Files</Filter>
    </Image>
    <Image Include="..\res\icon_Questionmark_nor.png">
      <Filter>Resource Files</Filter>
    </Image>
    <Image Include="..\res\icon_Rightkey.png">
      <Filter>Resource Files</Filter>
    </Image>
    <Image Include="..\res\icon_Rightkey%402x.png">
      <Filter>Resource Files</Filter>
    </Image>
    <Image Include="..\res\icon_Rightkey%403x.png">
      <Filter>Resource Files</Filter>
    </Image>
    <Image Include="..\res\icon_Rightkey_sel.png">
      <Filter>Resource Files</Filter>
    </Image>
    <Image Include="..\res\list _icon_Bright eye_open.png">
      <Filter>Resource Files</Filter>
    </Image>
    <Image Include="..\res\list _icon_Ruddy_open.png">
      <Filter>Resource Files</Filter>
    </Image>
    <Image Include="..\res\list _icon_Skin whitening_open.png">
      <Filter>Resource Files</Filter>
    </Image>
    <Image Include="..\res\list _iconBeautiful teeth_Close.png">
      <Filter>Resource Files</Filter>
    </Image>
    <Image Include="..\res\list_icon_annimoji_hover.png">
      <Filter>Resource Files</Filter>
    </Image>
    <Image Include="..\res\list_icon_annimoji_nor.png">
      <Filter>Resource Files</Filter>
    </Image>
    <Image Include="..\res\list_icon_AR_hover.png">
      <Filter>Resource Files</Filter>
    </Image>
    <Image Include="..\res\list_icon_AR_nor.png">
      <Filter>Resource Files</Filter>
    </Image>
    <Image Include="..\res\list_icon_BeautyMode_Close.png">
      <Filter>Resource Files</Filter>
    </Image>
    <Image Include="..\res\list_icon_BeautyMode_open.png">
      <Filter>Resource Files</Filter>
    </Image>
    <Image Include="..\res\list_icon_Bg segmentation_nor.png">
      <Filter>Resource Files</Filter>
    </Image>
    <Image Include="..\res\list_icon_Bgsegmentation_hover.png">
      <Filter>Resource Files</Filter>
    </Image>
    <Image Include="..\res\list_icon_Bgsegmentation_nor.png">
      <Filter>Resource Files</Filter>
    </Image>
    <Image Include="..\res\list_icon_Bigeye_Close.png">
      <Filter>Resource Files</Filter>
    </Image>
    <Image Include="..\res\list_icon_Bigeye_open.png">
      <Filter>Resource Files</Filter>
    </Image>
    <Image Include="..\res\list_icon_Brighteye_Close.png">
      <Filter>Resource Files</Filter>
    </Image>
    <Image Include="..\res\list_icon_Brighteye_open.png">
      <Filter>Resource Files</Filter>
    </Image>
    <Image Include="..\res\list_icon_Change face_nor.png">
      <Filter>Resource Files</Filter>
    </Image>
    <Image Include="..\res\list_icon_Changeface_hover.png">
      <Filter>Resource Files</Filter>
    </Image>
    <Image Include="..\res\list_icon_Changeface_nor.png">
      <Filter>Resource Files</Filter>
    </Image>
    <Image Include="..\res\list_icon_chin_Close.png">
      <Filter>Resource Files</Filter>
    </Image>
    <Image Include="..\res\list_icon_chin_open.png">
      <Filter>Resource Files</Filter>
    </Image>
    <Image Include="..\res\list_icon_Expression recognition_no.png">
      <Filter>Resource Files</Filter>
    </Image>
    <Image Include="..\res\list_icon_Expressionrecognition_hover.png">
      <Filter>Resource Files</Filter>
    </Image>
    <Image Include="..\res\list_icon_Expressionrecognition_no.png">
      <Filter>Resource Files</Filter>
    </Image>
    <Image Include="..\res\list_icon_Facetype_open.png">
      <Filter>Resource Files</Filter>
    </Image>
    <Image Include="..\res\list_icon_forehead_Close.png">
      <Filter>Resource Files</Filter>
    </Image>
    <Image Include="..\res\list_icon_forehead_open.png">
      <Filter>Resource Files</Filter>
    </Image>
    <Image Include="..\res\list_icon_gesture recognition_nor.png">
      <Filter>Resource Files</Filter>
    </Image>
    <Image Include="..\res\list_icon_gesturerecognition_hover.png">
      <Filter>Resource Files</Filter>
    </Image>
    <Image Include="..\res\list_icon_gesturerecognition_nor.png">
      <Filter>Resource Files</Filter>
    </Image>
    <Image Include="..\res\list_icon_Grindingskin_Close.png">
      <Filter>Resource Files</Filter>
    </Image>
    <Image Include="..\res\list_icon_Grindingskin_open.png">
      <Filter>Resource Files</Filter>
    </Image>
    <Image Include="..\res\list_icon_Ha ha mirror_nor.png">
      <Filter>Resource Files</Filter>
    </Image>
    <Image Include="..\res\list_icon_Hahamirror_hover.png">
      <Filter>Resource Files</Filter>
    </Image>
    <Image Include="..\res\list_icon_Hahamirror_nor.png">
      <Filter>Resource Files</Filter>
    </Image>
    <Image Include="..\res\list_icon_Mouthtype_Close.png">
      <Filter>Resource Files</Filter>
    </Image>
    <Image Include="..\res\list_icon_Mouthtype_open.png">
      <Filter>Resource Files</Filter>
    </Image>
    <Image Include="..\res\list_icon_Music filter_nor.png">
      <Filter>Resource Files</Filter>
    </Image>
    <Image Include="..\res\list_icon_Musicfilter_hover.png">
      <Filter>Resource Files</Filter>
    </Image>
    <Image Include="..\res\list_icon_Musicfilter_nor.png">
      <Filter>Resource Files</Filter>
    </Image>
    <Image Include="..\res\list_icon_Portrait drive_nor.png">
      <Filter>Resource Files</Filter>
    </Image>
    <Image Include="..\res\list_icon_Portraitdrive_hover.png">
      <Filter>Resource Files</Filter>
    </Image>
    <Image Include="..\res\list_icon_Portraitdrive_nor.png">
      <Filter>Resource Files</Filter>
    </Image>
    <Image Include="..\res\list_icon_Propmap_hover.png">
      <Filter>Resource Files</Filter>
    </Image>
    <Image Include="..\res\list_icon_Propmap_nor.png">
      <Filter>Resource Files</Filter>
    </Image>
    <Image Include="..\res\list_icon_Ruddy_Close.png">
      <Filter>Resource Files</Filter>
    </Image>
    <Image Include="..\res\list_icon_Ruddy_open.png">
      <Filter>Resource Files</Filter>
    </Image>
    <Image Include="..\res\list_icon_skinbeauty_Close.png">
      <Filter>Resource Files</Filter>
    </Image>
    <Image Include="..\res\list_icon_skinbeauty_open.png">
      <Filter>Resource Files</Filter>
    </Image>
    <Image Include="..\res\list_icon_Skinwhitening_Close.png">
      <Filter>Resource Files</Filter>
    </Image>
    <Image Include="..\res\list_icon_Skinwhitening_open.png">
      <Filter>Resource Files</Filter>
    </Image>
    <Image Include="..\res\list_icon_Thinface_Close.png">
      <Filter>Resource Files</Filter>
    </Image>
    <Image Include="..\res\list_icon_Thinface_open.png">
      <Filter>Resource Files</Filter>
    </Image>
    <Image Include="..\res\list_icon_Thinnose_Close.png">
      <Filter>Resource Files</Filter>
    </Image>
    <Image Include="..\res\list_icon_Thinnose_open.png">
      <Filter>Resource Files</Filter>
    </Image>
    <Image Include="..\res\list_iconBeautifulteeth_Close.png">
      <Filter>Resource Files</Filter>
    </Image>
    <Image Include="..\res\list_iconBeautifulteeth_open.png">
      <Filter>Resource Files</Filter>
    </Image>
    <Image Include="..\res\list_image_danya.png">
      <Filter>Resource Files</Filter>
    </Image>
    <Image Include="..\res\list_image_delta.png">
      <Filter>Resource Files</Filter>
    </Image>
    <Image Include="..\res\list_image_fennen.png">
      <Filter>Resource Files</Filter>
    </Image>
    <Image Include="..\res\list_image_hongrun.png">
      <Filter>Resource Files</Filter>
    </Image>
    <Image Include="..\res\list_image_origin.png">
      <Filter>Resource Files</Filter>
    </Image>
    <Image Include="..\res\list_image_Originalmap.png">
      <Filter>Resource Files</Filter>
    </Image>
    <Image Include="..\res\list_image_qingxin.png">
      <Filter>Resource Files</Filter>
    </Image>
    <Image Include="..\res\list_image_slowlived.png">
      <Filter>Resource Files</Filter>
    </Image>
    <Image Include="..\res\list_image_tokyo.png">
      <Filter>Resource Files</Filter>
    </Image>
    <Image Include="..\res\list_image_warm.png">
      <Filter>Resource Files</Filter>
    </Image>
    <Image Include="..\res\LOGO.png">
      <Filter>Resource Files</Filter>
    </Image>
    <Image Include="..\res\title.png">
      <Filter>Resource Files</Filter>
    </Image>
    <Image Include="..\res\叉-触光.png">
      <Filter>Resource Files</Filter>
    </Image>
    <Image Include="..\res\窗口-触光 .png">
      <Filter>Resource Files</Filter>
    </Image>
    <Image Include="..\res\勾icon.png">
      <Filter>Resource Files</Filter>
    </Image>
    <Image Include="..\res\镜像icon.png">
      <Filter>Resource Files</Filter>
    </Image>
    <Image Include="..\res\矩形10.png">
      <Filter>Resource Files</Filter>
    </Image>
    <Image Include="..\res\矩形10%402x.png">
      <Filter>Resource Files</Filter>
    </Image>
    <Image Include="..\res\矩形10%403x.png">
      <Filter>Resource Files</Filter>
    </Image>
    <Image Include="..\res\矩形-矩形.png">
      <Filter>Resource Files</Filter>
    </Image>
    <Image Include="..\res\摄像头 icon .png">
      <Filter>Resource Files</Filter>
    </Image>
    <Image Include="..\res\椭圆 5.png">
      <Filter>Resource Files</Filter>
    </Image>
    <Image Include="..\res\选择icon.png">
      <Filter>Resource Files</Filter>
    </Image>
    <Image Include="..\res\选择icon%402x.png">
      <Filter>Resource Files</Filter>
    </Image>
    <Image Include="..\res\选择icon%403x.png">
      <Filter>Resource Files</Filter>
    </Image>
    <Image Include="..\res\选中btn.png">
      <Filter>Resource Files</Filter>
    </Image>
    <Image Include="..\res\选中btn%402x.png">
      <Filter>Resource Files</Filter>
    </Image>
    <Image Include="..\res\选中btn%403x.png">
      <Filter>Resource Files</Filter>
    </Image>
    <Image Include="..\res\圆角三角.png">
      <Filter>Resource Files</Filter>
    </Image>
    <Image Include="..\res\圆角三角%402x.png">
      <Filter>Resource Files</Filter>
    </Image>
    <Image Include="..\res\圆角三角%403x.png">
      <Filter>Resource Files</Filter>
    </Image>
  </ItemGroup>
</Project>